
Microsoft Visual Studio Solution File, Format Version 12.00
# Visual Studio 15
VisualStudioVersion = 15.0.28307.421
MinimumVisualStudioVersion = 10.0.40219.1
Project("{FAE04EC0-301F-11D3-BF4B-00C04F79EFBC}") = "FinalWEB2", "FinalWEB2\FinalWEB2.csproj", "{B6C35512-E669-4DB4-9E25-E37645755BBC}"
EndProject
Global
	GlobalSection(SolutionConfigurationPlatforms) = preSolution
		Debug|Any CPU = Debug|Any CPU
		Release|Any CPU = Release|Any CPU
	EndGlobalSection
	GlobalSection(ProjectConfigurationPlatforms) = postSolution
		{B6C35512-E669-4DB4-9E25-E37645755BBC}.Debug|Any CPU.ActiveCfg = Debug|Any CPU
		{B6C35512-E669-4DB4-9E25-E37645755BBC}.Debug|Any CPU.Build.0 = Debug|Any CPU
		{B6C35512-E669-4DB4-9E25-E37645755BBC}.Release|Any CPU.ActiveCfg = Release|Any CPU
		{B6C35512-E669-4DB4-9E25-E37645755BBC}.Release|Any CPU.Build.0 = Release|Any CPU
	EndGlobalSection
	GlobalSection(SolutionProperties) = preSolution
		HideSolutionNode = FALSE
	EndGlobalSection
	GlobalSection(ExtensibilityGlobals) = postSolution
		SolutionGuid = {B8DA0382-9AF7-4984-A4CB-C0CE7455D65C}
	EndGlobalSection
EndGlobal
